# THIS IS AN AUTOGENERATED FILE. DO NOT EDIT THIS FILE DIRECTLY.
# yarn lockfile v1


"@noble/secp256k1@^1.6.3":
  version "1.6.3"
  resolved "https://registry.yarnpkg.com/@noble/secp256k1/-/secp256k1-1.6.3.tgz#7eed12d9f4404b416999d0c87686836c4c5c9b94"
  integrity sha512-T04e4iTurVy7I8Sw4+c5OSN9/RkPlo1uKxAomtxQNLq8j1uPAqnsqG1bqvY3Jv7c13gyr6dui0zmh/I3+f/JaQ==

typescript@^4.7.4:
  version "4.7.4"
  resolved "https://registry.yarnpkg.com/typescript/-/typescript-4.7.4.tgz#1a88596d1cf47d59507a1bcdfb5b9dfe4d488235"
  integrity sha512-C0WQT0gezHuw6AdY1M2jxUO83Rjf0HP7Sk1DtXj6j1EwkQNZrHAg2XPWlq62oqEhYvONq5pkC2Y9oPljWToLmQ==
